// !$*UTF8*$!
{
	archiveVersion = 1;
	classes = {
	};
	objectVersion = 56;
	objects = {

/* Begin PBXBuildFile section */
		3593BA682AE65266002E01CE /* texts.md in Resources */ = {isa = PBXBuildFile; fileRef = 3593BA672AE65266002E01CE /* texts.md */; };
		35EDC31129FBC82E00603173 /* Rose_QuestionnaireApp.swift in Sources */ = {isa = PBXBuildFile; fileRef = 35EDC31029FBC82E00603173 /* Rose_QuestionnaireApp.swift */; };
		35EDC31329FBC82E00603173 /* ContentView.swift in Sources */ = {isa = PBXBuildFile; fileRef = 35EDC31229FBC82E00603173 /* ContentView.swift */; };
		35EDC31529FBC82F00603173 /* Assets.xcassets in Resources */ = {isa = PBXBuildFile; fileRef = 35EDC31429FBC82F00603173 /* Assets.xcassets */; };
		35EDC31829FBC82F00603173 /* Preview Assets.xcassets in Resources */ = {isa = PBXBuildFile; fileRef = 35EDC31729FBC82F00603173 /* Preview Assets.xcassets */; };
		35EDC32829FBD8DE00603173 /* RoseQuestionView.swift in Sources */ = {isa = PBXBuildFile; fileRef = 35EDC32729FBD8DE00603173 /* RoseQuestionView.swift */; };
		446C057A2A0015210057394B /* ContentViewHelper.swift in Sources */ = {isa = PBXBuildFile; fileRef = 446C05792A0015210057394B /* ContentViewHelper.swift */; };
/* End PBXBuildFile section */

/* Begin PBXFileReference section */
		3593BA672AE65266002E01CE /* texts.md */ = {isa = PBXFileReference; fileEncoding = 4; lastKnownFileType = net.daringfireball.markdown; path = texts.md; sourceTree = "<group>"; };
		35EDC30D29FBC82E00603173 /* Rose-Questionnaire.app */ = {isa = PBXFileReference; explicitFileType = wrapper.application; includeInIndex = 0; path = "Rose-Questionnaire.app"; sourceTree = BUILT_PRODUCTS_DIR; };
		35EDC31029FBC82E00603173 /* Rose_QuestionnaireApp.swift */ = {isa = PBXFileReference; lastKnownFileType = sourcecode.swift; path = Rose_QuestionnaireApp.swift; sourceTree = "<group>"; };
		35EDC31229FBC82E00603173 /* ContentView.swift */ = {isa = PBXFileReference; lastKnownFileType = sourcecode.swift; path = ContentView.swift; sourceTree = "<group>"; };
		35EDC31429FBC82F00603173 /* Assets.xcassets */ = {isa = PBXFileReference; lastKnownFileType = folder.assetcatalog; path = Assets.xcassets; sourceTree = "<group>"; };
		35EDC31729FBC82F00603173 /* Preview Assets.xcassets */ = {isa = PBXFileReference; lastKnownFileType = folder.assetcatalog; path = "Preview Assets.xcassets"; sourceTree = "<group>"; };
		35EDC32729FBD8DE00603173 /* RoseQuestionView.swift */ = {isa = PBXFileReference; lastKnownFileType = sourcecode.swift; path = RoseQuestionView.swift; sourceTree = "<group>"; };
		446C05792A0015210057394B /* ContentViewHelper.swift */ = {isa = PBXFileReference; lastKnownFileType = sourcecode.swift; path = ContentViewHelper.swift; sourceTree = "<group>"; };
/* End PBXFileReference section */

/* Begin PBXFrameworksBuildPhase section */
		35EDC30A29FBC82E00603173 /* Frameworks */ = {
			isa = PBXFrameworksBuildPhase;
			buildActionMask = 2147483647;
			files = (
			);
			runOnlyForDeploymentPostprocessing = 0;
		};
/* End PBXFrameworksBuildPhase section */

/* Begin PBXGroup section */
		35EDC30429FBC82E00603173 = {
			isa = PBXGroup;
			children = (
				35EDC30F29FBC82E00603173 /* Rose-Questionnaire */,
				35EDC30E29FBC82E00603173 /* Products */,
			);
			sourceTree = "<group>";
		};
		35EDC30E29FBC82E00603173 /* Products */ = {
			isa = PBXGroup;
			children = (
				35EDC30D29FBC82E00603173 /* Rose-Questionnaire.app */,
			);
			name = Products;
			sourceTree = "<group>";
		};
		35EDC30F29FBC82E00603173 /* Rose-Questionnaire */ = {
			isa = PBXGroup;
			children = (
				35EDC31229FBC82E00603173 /* ContentView.swift */,
				35EDC32729FBD8DE00603173 /* RoseQuestionView.swift */,
				446C057829FFEF3D0057394B /* Supporting Files */,
			);
			path = "Rose-Questionnaire";
			sourceTree = "<group>";
		};
		35EDC31629FBC82F00603173 /* Preview Content */ = {
			isa = PBXGroup;
			children = (
				35EDC31729FBC82F00603173 /* Preview Assets.xcassets */,
			);
			path = "Preview Content";
			sourceTree = "<group>";
		};
		446C057829FFEF3D0057394B /* Supporting Files */ = {
			isa = PBXGroup;
			children = (
				35EDC31029FBC82E00603173 /* Rose_QuestionnaireApp.swift */,
				446C05792A0015210057394B /* ContentViewHelper.swift */,
				3593BA672AE65266002E01CE /* texts.md */,
				35EDC31429FBC82F00603173 /* Assets.xcassets */,
				35EDC31629FBC82F00603173 /* Preview Content */,
			);
			path = "Supporting Files";
			sourceTree = "<group>";
		};
/* End PBXGroup section */

/* Begin PBXNativeTarget section */
		35EDC30C29FBC82E00603173 /* Rose-Questionnaire */ = {
			isa = PBXNativeTarget;
			buildConfigurationList = 35EDC31B29FBC82F00603173 /* Build configuration list for PBXNativeTarget "Rose-Questionnaire" */;
			buildPhases = (
				35EDC30929FBC82E00603173 /* Sources */,
				35EDC30A29FBC82E00603173 /* Frameworks */,
				35EDC30B29FBC82E00603173 /* Resources */,
			);
			buildRules = (
			);
			dependencies = (
			);
			name = "Rose-Questionnaire";
			packageProductDependencies = (
			);
			productName = "Rose-Questionnaire";
			productReference = 35EDC30D29FBC82E00603173 /* Rose-Questionnaire.app */;
			productType = "com.apple.product-type.application";
		};
/* End PBXNativeTarget section */

/* Begin PBXProject section */
		35EDC30529FBC82E00603173 /* Project object */ = {
			isa = PBXProject;
			attributes = {
				BuildIndependentTargetsInParallel = 1;
				LastSwiftUpdateCheck = 1420;
				LastUpgradeCheck = 1420;
				TargetAttributes = {
					35EDC30C29FBC82E00603173 = {
						CreatedOnToolsVersion = 14.2;
					};
				};
			};
			buildConfigurationList = 35EDC30829FBC82E00603173 /* Build configuration list for PBXProject "Rose-Questionnaire" */;
			compatibilityVersion = "Xcode 14.0";
			developmentRegion = en;
			hasScannedForEncodings = 0;
			knownRegions = (
				en,
				Base,
			);
			mainGroup = 35EDC30429FBC82E00603173;
			packageReferences = (
			);
			productRefGroup = 35EDC30E29FBC82E00603173 /* Products */;
			projectDirPath = "";
			projectRoot = "";
			targets = (
				35EDC30C29FBC82E00603173 /* Rose-Questionnaire */,
			);
		};
/* End PBXProject section */

/* Begin PBXResourcesBuildPhase section */
		35EDC30B29FBC82E00603173 /* Resources */ = {
			isa = PBXResourcesBuildPhase;
			buildActionMask = 2147483647;
			files = (
				35EDC31829FBC82F00603173 /* Preview Assets.xcassets in Resources */,
				3593BA682AE65266002E01CE /* texts.md in Resources */,
				35EDC31529FBC82F00603173 /* Assets.xcassets in Resources */,
			);
			runOnlyForDeploymentPostprocessing = 0;
		};
/* End PBXResourcesBuildPhase section */

/* Begin PBXSourcesBuildPhase section */
		35EDC30929FBC82E00603173 /* Sources */ = {
			isa = PBXSourcesBuildPhase;
			buildActionMask = 2147483647;
			files = (
				35EDC32829FBD8DE00603173 /* RoseQuestionView.swift in Sources */,
				35EDC31329FBC82E00603173 /* ContentView.swift in Sources */,
				446C057A2A0015210057394B /* ContentViewHelper.swift in Sources */,
				35EDC31129FBC82E00603173 /* Rose_QuestionnaireApp.swift in Sources */,
			);
			runOnlyForDeploymentPostprocessing = 0;
		};
/* End PBXSourcesBuildPhase section */

/* Begin XCBuildConfiguration section */
		35EDC31929FBC82F00603173 /* Debug */ = {
			isa = XCBuildConfiguration;
			buildSettings = {
				ALWAYS_SEARCH_USER_PATHS = NO;
				CLANG_ANALYZER_NONNULL = YES;
				CLANG_ANALYZER_NUMBER_OBJECT_CONVERSION = YES_AGGRESSIVE;
				CLANG_CXX_LANGUAGE_STANDARD = "gnu++20";
				CLANG_ENABLE_MODULES = YES;
				CLANG_ENABLE_OBJC_ARC = YES;
				CLANG_ENABLE_OBJC_WEAK = YES;
				CLANG_WARN_BLOCK_CAPTURE_AUTORELEASING = YES;
				CLANG_WARN_BOOL_CONVERSION = YES;
				CLANG_WARN_COMMA = YES;
				CLANG_WARN_CONSTANT_CONVERSION = YES;
				CLANG_WARN_DEPRECATED_OBJC_IMPLEMENTATIONS = YES;
				CLANG_WARN_DIRECT_OBJC_ISA_USAGE = YES_ERROR;
				CLANG_WARN_DOCUMENTATION_COMMENTS = YES;
				CLANG_WARN_EMPTY_BODY = YES;
				CLANG_WARN_ENUM_CONVERSION = YES;
				CLANG_WARN_INFINITE_RECURSION = YES;
				CLANG_WARN_INT_CONVERSION = YES;
				CLANG_WARN_NON_LITERAL_NULL_CONVERSION = YES;
				CLANG_WARN_OBJC_IMPLICIT_RETAIN_SELF = YES;
				CLANG_WARN_OBJC_LITERAL_CONVERSION = YES;
				CLANG_WARN_OBJC_ROOT_CLASS = YES_ERROR;
				CLANG_WARN_QUOTED_INCLUDE_IN_FRAMEWORK_HEADER = YES;
				CLANG_WARN_RANGE_LOOP_ANALYSIS = YES;
				CLANG_WARN_STRICT_PROTOTYPES = YES;
				CLANG_WARN_SUSPICIOUS_MOVE = YES;
				CLANG_WARN_UNGUARDED_AVAILABILITY = YES_AGGRESSIVE;
				CLANG_WARN_UNREACHABLE_CODE = YES;
				CLANG_WARN__DUPLICATE_METHOD_MATCH = YES;
				COPY_PHASE_STRIP = NO;
				DEBUG_INFORMATION_FORMAT = dwarf;
				ENABLE_STRICT_OBJC_MSGSEND = YES;
				ENABLE_TESTABILITY = YES;
				GCC_C_LANGUAGE_STANDARD = gnu11;
				GCC_DYNAMIC_NO_PIC = NO;
				GCC_NO_COMMON_BLOCKS = YES;
				GCC_OPTIMIZATION_LEVEL = 0;
				GCC_PREPROCESSOR_DEFINITIONS = (
					"DEBUG=1",
					"$(inherited)",
				);
				GCC_WARN_64_TO_32_BIT_CONVERSION = YES;
				GCC_WARN_ABOUT_RETURN_TYPE = YES_ERROR;
				GCC_WARN_UNDECLARED_SELECTOR = YES;
				GCC_WARN_UNINITIALIZED_AUTOS = YES_AGGRESSIVE;
				GCC_WARN_UNUSED_FUNCTION = YES;
				GCC_WARN_UNUSED_VARIABLE = YES;
				IPHONEOS_DEPLOYMENT_TARGET = 16.2;
				MTL_ENABLE_DEBUG_INFO = INCLUDE_SOURCE;
				MTL_FAST_MATH = YES;
				ONLY_ACTIVE_ARCH = YES;
				SDKROOT = iphoneos;
				SWIFT_ACTIVE_COMPILATION_CONDITIONS = DEBUG;
				SWIFT_OPTIMIZATION_LEVEL = "-Onone";
			};
			name = Debug;
		};
		35EDC31A29FBC82F00603173 /* Release */ = {
			isa = XCBuildConfiguration;
			buildSettings = {
				ALWAYS_SEARCH_USER_PATHS = NO;
				CLANG_ANALYZER_NONNULL = YES;
				CLANG_ANALYZER_NUMBER_OBJECT_CONVERSION = YES_AGGRESSIVE;
				CLANG_CXX_LANGUAGE_STANDARD = "gnu++20";
				CLANG_ENABLE_MODULES = YES;
				CLANG_ENABLE_OBJC_ARC = YES;
				CLANG_ENABLE_OBJC_WEAK = YES;
				CLANG_WARN_BLOCK_CAPTURE_AUTORELEASING = YES;
				CLANG_WARN_BOOL_CONVERSION = YES;
				CLANG_WARN_COMMA = YES;
				CLANG_WARN_CONSTANT_CONVERSION = YES;
				CLANG_WARN_DEPRECATED_OBJC_IMPLEMENTATIONS = YES;
				CLANG_WARN_DIRECT_OBJC_ISA_USAGE = YES_ERROR;
				CLANG_WARN_DOCUMENTATION_COMMENTS = YES;
				CLANG_WARN_EMPTY_BODY = YES;
				CLANG_WARN_ENUM_CONVERSION = YES;
				CLANG_WARN_INFINITE_RECURSION = YES;
				CLANG_WARN_INT_CONVERSION = YES;
				CLANG_WARN_NON_LITERAL_NULL_CONVERSION = YES;
				CLANG_WARN_OBJC_IMPLICIT_RETAIN_SELF = YES;
				CLANG_WARN_OBJC_LITERAL_CONVERSION = YES;
				CLANG_WARN_OBJC_ROOT_CLASS = YES_ERROR;
				CLANG_WARN_QUOTED_INCLUDE_IN_FRAMEWORK_HEADER = YES;
				CLANG_WARN_RANGE_LOOP_ANALYSIS = YES;
				CLANG_WARN_STRICT_PROTOTYPES = YES;
				CLANG_WARN_SUSPICIOUS_MOVE = YES;
				CLANG_WARN_UNGUARDED_AVAILABILITY = YES_AGGRESSIVE;
				CLANG_WARN_UNREACHABLE_CODE = YES;
				CLANG_WARN__DUPLICATE_METHOD_MATCH = YES;
				COPY_PHASE_STRIP = NO;
				DEBUG_INFORMATION_FORMAT = "dwarf-with-dsym";
				ENABLE_NS_ASSERTIONS = NO;
				ENABLE_STRICT_OBJC_MSGSEND = YES;
				GCC_C_LANGUAGE_STANDARD = gnu11;
				GCC_NO_COMMON_BLOCKS = YES;
				GCC_WARN_64_TO_32_BIT_CONVERSION = YES;
				GCC_WARN_ABOUT_RETURN_TYPE = YES_ERROR;
				GCC_WARN_UNDECLARED_SELECTOR = YES;
				GCC_WARN_UNINITIALIZED_AUTOS = YES_AGGRESSIVE;
				GCC_WARN_UNUSED_FUNCTION = YES;
				GCC_WARN_UNUSED_VARIABLE = YES;
				IPHONEOS_DEPLOYMENT_TARGET = 16.2;
				MTL_ENABLE_DEBUG_INFO = NO;
				MTL_FAST_MATH = YES;
				SDKROOT = iphoneos;
				SWIFT_COMPILATION_MODE = wholemodule;
				SWIFT_OPTIMIZATION_LEVEL = "-O";
				VALIDATE_PRODUCT = YES;
			};
			name = Release;
		};
		35EDC31C29FBC82F00603173 /* Debug */ = {
			isa = XCBuildConfiguration;
			buildSettings = {
				ASSETCATALOG_COMPILER_APPICON_NAME = AppIcon;
				ASSETCATALOG_COMPILER_GLOBAL_ACCENT_COLOR_NAME = AccentColor;
				CODE_SIGN_STYLE = Automatic;
				CURRENT_PROJECT_VERSION = 1;
				DEVELOPMENT_ASSET_PATHS = "\"Rose-Questionnaire/Supporting Files/Preview Content\"";
				DEVELOPMENT_TEAM = W47Y3X8372;
				ENABLE_PREVIEWS = YES;
				GENERATE_INFOPLIST_FILE = YES;
				INFOPLIST_KEY_UIApplicationSceneManifest_Generation = YES;
				INFOPLIST_KEY_UIApplicationSupportsIndirectInputEvents = YES;
				INFOPLIST_KEY_UILaunchScreen_Generation = YES;
				INFOPLIST_KEY_UISupportedInterfaceOrientations_iPad = "UIInterfaceOrientationPortrait UIInterfaceOrientationPortraitUpsideDown UIInterfaceOrientationLandscapeLeft UIInterfaceOrientationLandscapeRight";
				INFOPLIST_KEY_UISupportedInterfaceOrientations_iPhone = "UIInterfaceOrientationPortrait UIInterfaceOrientationLandscapeLeft UIInterfaceOrientationLandscapeRight";
				LD_RUNPATH_SEARCH_PATHS = (
					"$(inherited)",
					"@executable_path/Frameworks",
				);
				MARKETING_VERSION = 1.0;
				PRODUCT_BUNDLE_IDENTIFIER = "de.ukb.idm.Rose-Questionnaire";
				PRODUCT_NAME = "$(TARGET_NAME)";
				SWIFT_EMIT_LOC_STRINGS = YES;
				SWIFT_VERSION = 5.0;
				TARGETED_DEVICE_FAMILY = "1,2";
			};
			name = Debug;
		};
		35EDC31D29FBC82F00603173 /* Release */ = {
			isa = XCBuildConfiguration;
			buildSettings = {
				ASSETCATALOG_COMPILER_APPICON_NAME = AppIcon;
				ASSETCATALOG_COMPILER_GLOBAL_ACCENT_COLOR_NAME = AccentColor;
				CODE_SIGN_STYLE = Automatic;
				CURRENT_PROJECT_VERSION = 1;
				DEVELOPMENT_ASSET_PATHS = "\"Rose-Questionnaire/Supporting Files/Preview Content\"";
				DEVELOPMENT_TEAM = W47Y3X8372;
				ENABLE_PREVIEWS = YES;
				GENERATE_INFOPLIST_FILE = YES;
				INFOPLIST_KEY_UIApplicationSceneManifest_Generation = YES;
				INFOPLIST_KEY_UIApplicationSupportsIndirectInputEvents = YES;
				INFOPLIST_KEY_UILaunchScreen_Generation = YES;
				INFOPLIST_KEY_UISupportedInterfaceOrientations_iPad = "UIInterfaceOrientationPortrait UIInterfaceOrientationPortraitUpsideDown UIInterfaceOrientationLandscapeLeft UIInterfaceOrientationLandscapeRight";
				INFOPLIST_KEY_UISupportedInterfaceOrientations_iPhone = "UIInterfaceOrientationPortrait UIInterfaceOrientationLandscapeLeft UIInterfaceOrientationLandscapeRight";
				LD_RUNPATH_SEARCH_PATHS = (
					"$(inherited)",
					"@executable_path/Frameworks",
				);
				MARKETING_VERSION = 1.0;
				PRODUCT_BUNDLE_IDENTIFIER = "de.ukb.idm.Rose-Questionnaire";
				PRODUCT_NAME = "$(TARGET_NAME)";
				SWIFT_EMIT_LOC_STRINGS = YES;
				SWIFT_VERSION = 5.0;
				TARGETED_DEVICE_FAMILY = "1,2";
			};
			name = Release;
		};
/* End XCBuildConfiguration section */

/* Begin XCConfigurationList section */
		35EDC30829FBC82E00603173 /* Build configuration list for PBXProject "Rose-Questionnaire" */ = {
			isa = XCConfigurationList;
			buildConfigurations = (
				35EDC31929FBC82F00603173 /* Debug */,
				35EDC31A29FBC82F00603173 /* Release */,
			);
			defaultConfigurationIsVisible = 0;
			defaultConfigurationName = Release;
		};
		35EDC31B29FBC82F00603173 /* Build configuration list for PBXNativeTarget "Rose-Questionnaire" */ = {
			isa = XCConfigurationList;
			buildConfigurations = (
				35EDC31C29FBC82F00603173 /* Debug */,
				35EDC31D29FBC82F00603173 /* Release */,
			);
			defaultConfigurationIsVisible = 0;
			defaultConfigurationName = Release;
		};
/* End XCConfigurationList section */
	};
	rootObject = 35EDC30529FBC82E00603173 /* Project object */;
}
